// !$*UTF8*$!
{
	archiveVersion = 1;
	classes = {
	};
	objectVersion = 56;
	objects = {

/* Begin PBXBuildFile section */
		8F0A0DC529FAADE400CF847C /* DataManager.swift in Sources */ = {isa = PBXBuildFile; fileRef = 8F0A0DC429FAADE300CF847C /* DataManager.swift */; };
		8F0A0DC729FAB47300CF847C /* Model.swift in Sources */ = {isa = PBXBuildFile; fileRef = 8F0A0DC629FAB47300CF847C /* Model.swift */; };
		8F4E0B3929F55CC8006BE3AB /* EntryViewController.swift in Sources */ = {isa = PBXBuildFile; fileRef = 8F4E0B3829F55CC8006BE3AB /* EntryViewController.swift */; };
		8FC0BBAD29F4236100E50FCB /* AppDelegate.swift in Sources */ = {isa = PBXBuildFile; fileRef = 8FC0BBAC29F4236100E50FCB /* AppDelegate.swift */; };
		8FC0BBAF29F4236100E50FCB /* SceneDelegate.swift in Sources */ = {isa = PBXBuildFile; fileRef = 8FC0BBAE29F4236100E50FCB /* SceneDelegate.swift */; };
		8FC0BBB129F4236100E50FCB /* MainViewController.swift in Sources */ = {isa = PBXBuildFile; fileRef = 8FC0BBB029F4236100E50FCB /* MainViewController.swift */; };
		8FC0BBB629F4236500E50FCB /* Assets.xcassets in Resources */ = {isa = PBXBuildFile; fileRef = 8FC0BBB529F4236500E50FCB /* Assets.xcassets */; };
		8FC0BBB929F4236500E50FCB /* LaunchScreen.storyboard in Resources */ = {isa = PBXBuildFile; fileRef = 8FC0BBB729F4236500E50FCB /* LaunchScreen.storyboard */; };
		8FC29A8D29F92A580060596A /* CoreDataModel.xcdatamodeld in Sources */ = {isa = PBXBuildFile; fileRef = 8FC29A8B29F92A580060596A /* CoreDataModel.xcdatamodeld */; };
		8FC29A9029F92B780060596A /* NotesItem+CoreDataClass.swift in Sources */ = {isa = PBXBuildFile; fileRef = 8FC29A8E29F92B780060596A /* NotesItem+CoreDataClass.swift */; };
		8FC29A9129F92B780060596A /* NotesItem+CoreDataProperties.swift in Sources */ = {isa = PBXBuildFile; fileRef = 8FC29A8F29F92B780060596A /* NotesItem+CoreDataProperties.swift */; };
		8FD8BCF429F7F04A00475974 /* NoteViewController.swift in Sources */ = {isa = PBXBuildFile; fileRef = 8FD8BCF329F7F04A00475974 /* NoteViewController.swift */; };
/* End PBXBuildFile section */

/* Begin PBXFileReference section */
		8F0A0DC429FAADE300CF847C /* DataManager.swift */ = {isa = PBXFileReference; lastKnownFileType = sourcecode.swift; path = DataManager.swift; sourceTree = "<group>"; };
		8F0A0DC629FAB47300CF847C /* Model.swift */ = {isa = PBXFileReference; lastKnownFileType = sourcecode.swift; path = Model.swift; sourceTree = "<group>"; };
		8F4E0B3829F55CC8006BE3AB /* EntryViewController.swift */ = {isa = PBXFileReference; lastKnownFileType = sourcecode.swift; path = EntryViewController.swift; sourceTree = "<group>"; };
		8FC0BBA929F4236100E50FCB /* tapp.app */ = {isa = PBXFileReference; explicitFileType = wrapper.application; includeInIndex = 0; path = tapp.app; sourceTree = BUILT_PRODUCTS_DIR; };
		8FC0BBAC29F4236100E50FCB /* AppDelegate.swift */ = {isa = PBXFileReference; lastKnownFileType = sourcecode.swift; path = AppDelegate.swift; sourceTree = "<group>"; };
		8FC0BBAE29F4236100E50FCB /* SceneDelegate.swift */ = {isa = PBXFileReference; lastKnownFileType = sourcecode.swift; path = SceneDelegate.swift; sourceTree = "<group>"; };
		8FC0BBB029F4236100E50FCB /* MainViewController.swift */ = {isa = PBXFileReference; lastKnownFileType = sourcecode.swift; path = MainViewController.swift; sourceTree = "<group>"; };
		8FC0BBB529F4236500E50FCB /* Assets.xcassets */ = {isa = PBXFileReference; lastKnownFileType = folder.assetcatalog; path = Assets.xcassets; sourceTree = "<group>"; };
		8FC0BBB829F4236500E50FCB /* Base */ = {isa = PBXFileReference; lastKnownFileType = file.storyboard; name = Base; path = Base.lproj/LaunchScreen.storyboard; sourceTree = "<group>"; };
		8FC0BBBA29F4236500E50FCB /* Info.plist */ = {isa = PBXFileReference; lastKnownFileType = text.plist.xml; path = Info.plist; sourceTree = "<group>"; };
		8FC29A8C29F92A580060596A /* CoreDataModel.xcdatamodel */ = {isa = PBXFileReference; lastKnownFileType = wrapper.xcdatamodel; path = CoreDataModel.xcdatamodel; sourceTree = "<group>"; };
		8FC29A8E29F92B780060596A /* NotesItem+CoreDataClass.swift */ = {isa = PBXFileReference; lastKnownFileType = sourcecode.swift; path = "NotesItem+CoreDataClass.swift"; sourceTree = "<group>"; };
		8FC29A8F29F92B780060596A /* NotesItem+CoreDataProperties.swift */ = {isa = PBXFileReference; lastKnownFileType = sourcecode.swift; path = "NotesItem+CoreDataProperties.swift"; sourceTree = "<group>"; };
		8FD8BCF329F7F04A00475974 /* NoteViewController.swift */ = {isa = PBXFileReference; lastKnownFileType = sourcecode.swift; path = NoteViewController.swift; sourceTree = "<group>"; };
/* End PBXFileReference section */

/* Begin PBXFrameworksBuildPhase section */
		8FC0BBA629F4236100E50FCB /* Frameworks */ = {
			isa = PBXFrameworksBuildPhase;
			buildActionMask = 2147483647;
			files = (
			);
			runOnlyForDeploymentPostprocessing = 0;
		};
/* End PBXFrameworksBuildPhase section */

/* Begin PBXGroup section */
		8F0A0DC829FAB6B200CF847C /* Core Data */ = {
			isa = PBXGroup;
			children = (
				8FC29A8B29F92A580060596A /* CoreDataModel.xcdatamodeld */,
				8F0A0DC429FAADE300CF847C /* DataManager.swift */,
				8FC29A8E29F92B780060596A /* NotesItem+CoreDataClass.swift */,
				8FC29A8F29F92B780060596A /* NotesItem+CoreDataProperties.swift */,
			);
			path = "Core Data";
			sourceTree = "<group>";
		};
		8FC0BBA029F4236100E50FCB = {
			isa = PBXGroup;
			children = (
				8FC0BBAB29F4236100E50FCB /* tapp */,
				8FC0BBAA29F4236100E50FCB /* Products */,
			);
			sourceTree = "<group>";
		};
		8FC0BBAA29F4236100E50FCB /* Products */ = {
			isa = PBXGroup;
			children = (
				8FC0BBA929F4236100E50FCB /* tapp.app */,
			);
			name = Products;
			sourceTree = "<group>";
		};
		8FC0BBAB29F4236100E50FCB /* tapp */ = {
			isa = PBXGroup;
			children = (
				8FC0BBAC29F4236100E50FCB /* AppDelegate.swift */,
				8FC0BBAE29F4236100E50FCB /* SceneDelegate.swift */,
				8FC29A9229F92BAD0060596A /* Model */,
				8FD8BCF529F8066C00475974 /* ViewControllers */,
				8FC0BBB729F4236500E50FCB /* LaunchScreen.storyboard */,
				8FC0BBB529F4236500E50FCB /* Assets.xcassets */,
				8FC0BBBA29F4236500E50FCB /* Info.plist */,
			);
			path = tapp;
			sourceTree = "<group>";
		};
		8FC29A9229F92BAD0060596A /* Model */ = {
			isa = PBXGroup;
			children = (
				8F0A0DC629FAB47300CF847C /* Model.swift */,
				8F0A0DC829FAB6B200CF847C /* Core Data */,
			);
			path = Model;
			sourceTree = "<group>";
		};
		8FD8BCF529F8066C00475974 /* ViewControllers */ = {
			isa = PBXGroup;
			children = (
				8FC0BBB029F4236100E50FCB /* MainViewController.swift */,
				8F4E0B3829F55CC8006BE3AB /* EntryViewController.swift */,
				8FD8BCF329F7F04A00475974 /* NoteViewController.swift */,
			);
			path = ViewControllers;
			sourceTree = "<group>";
		};
/* End PBXGroup section */

/* Begin PBXNativeTarget section */
		8FC0BBA829F4236100E50FCB /* tapp */ = {
			isa = PBXNativeTarget;
			buildConfigurationList = 8FC0BBBD29F4236500E50FCB /* Build configuration list for PBXNativeTarget "tapp" */;
			buildPhases = (
				8FC0BBA529F4236100E50FCB /* Sources */,
				8FC0BBA629F4236100E50FCB /* Frameworks */,
				8FC0BBA729F4236100E50FCB /* Resources */,
			);
			buildRules = (
			);
			dependencies = (
			);
			name = tapp;
			productName = tapp;
			productReference = 8FC0BBA929F4236100E50FCB /* tapp.app */;
			productType = "com.apple.product-type.application";
		};
/* End PBXNativeTarget section */

/* Begin PBXProject section */
		8FC0BBA129F4236100E50FCB /* Project object */ = {
			isa = PBXProject;
			attributes = {
				BuildIndependentTargetsInParallel = 1;
				LastSwiftUpdateCheck = 1430;
				LastUpgradeCheck = 1430;
				TargetAttributes = {
					8FC0BBA829F4236100E50FCB = {
						CreatedOnToolsVersion = 14.3;
					};
				};
			};
			buildConfigurationList = 8FC0BBA429F4236100E50FCB /* Build configuration list for PBXProject "tapp" */;
			compatibilityVersion = "Xcode 14.0";
			developmentRegion = en;
			hasScannedForEncodings = 0;
			knownRegions = (
				en,
				Base,
			);
			mainGroup = 8FC0BBA029F4236100E50FCB;
			productRefGroup = 8FC0BBAA29F4236100E50FCB /* Products */;
			projectDirPath = "";
			projectRoot = "";
			targets = (
				8FC0BBA829F4236100E50FCB /* tapp */,
			);
		};
/* End PBXProject section */

/* Begin PBXResourcesBuildPhase section */
		8FC0BBA729F4236100E50FCB /* Resources */ = {
			isa = PBXResourcesBuildPhase;
			buildActionMask = 2147483647;
			files = (
				8FC0BBB929F4236500E50FCB /* LaunchScreen.storyboard in Resources */,
				8FC0BBB629F4236500E50FCB /* Assets.xcassets in Resources */,
			);
			runOnlyForDeploymentPostprocessing = 0;
		};
/* End PBXResourcesBuildPhase section */

/* Begin PBXSourcesBuildPhase section */
		8FC0BBA529F4236100E50FCB /* Sources */ = {
			isa = PBXSourcesBuildPhase;
			buildActionMask = 2147483647;
			files = (
				8FC29A9129F92B780060596A /* NotesItem+CoreDataProperties.swift in Sources */,
				8FC29A9029F92B780060596A /* NotesItem+CoreDataClass.swift in Sources */,
				8FC0BBB129F4236100E50FCB /* MainViewController.swift in Sources */,
				8F4E0B3929F55CC8006BE3AB /* EntryViewController.swift in Sources */,
				8FC29A8D29F92A580060596A /* CoreDataModel.xcdatamodeld in Sources */,
				8F0A0DC729FAB47300CF847C /* Model.swift in Sources */,
				8FC0BBAD29F4236100E50FCB /* AppDelegate.swift in Sources */,
				8FD8BCF429F7F04A00475974 /* NoteViewController.swift in Sources */,
				8F0A0DC529FAADE400CF847C /* DataManager.swift in Sources */,
				8FC0BBAF29F4236100E50FCB /* SceneDelegate.swift in Sources */,
			);
			runOnlyForDeploymentPostprocessing = 0;
		};
/* End PBXSourcesBuildPhase section */

/* Begin PBXVariantGroup section */
		8FC0BBB729F4236500E50FCB /* LaunchScreen.storyboard */ = {
			isa = PBXVariantGroup;
			children = (
				8FC0BBB829F4236500E50FCB /* Base */,
			);
			name = LaunchScreen.storyboard;
			sourceTree = "<group>";
		};
/* End PBXVariantGroup section */

/* Begin XCBuildConfiguration section */
		8FC0BBBB29F4236500E50FCB /* Debug */ = {
			isa = XCBuildConfiguration;
			buildSettings = {
				ALWAYS_SEARCH_USER_PATHS = NO;
				CLANG_ANALYZER_NONNULL = YES;
				CLANG_ANALYZER_NUMBER_OBJECT_CONVERSION = YES_AGGRESSIVE;
				CLANG_CXX_LANGUAGE_STANDARD = "gnu++20";
				CLANG_ENABLE_MODULES = YES;
				CLANG_ENABLE_OBJC_ARC = YES;
				CLANG_ENABLE_OBJC_WEAK = YES;
				CLANG_WARN_BLOCK_CAPTURE_AUTORELEASING = YES;
				CLANG_WARN_BOOL_CONVERSION = YES;
				CLANG_WARN_COMMA = YES;
				CLANG_WARN_CONSTANT_CONVERSION = YES;
				CLANG_WARN_DEPRECATED_OBJC_IMPLEMENTATIONS = YES;
				CLANG_WARN_DIRECT_OBJC_ISA_USAGE = YES_ERROR;
				CLANG_WARN_DOCUMENTATION_COMMENTS = YES;
				CLANG_WARN_EMPTY_BODY = YES;
				CLANG_WARN_ENUM_CONVERSION = YES;
				CLANG_WARN_INFINITE_RECURSION = YES;
				CLANG_WARN_INT_CONVERSION = YES;
				CLANG_WARN_NON_LITERAL_NULL_CONVERSION = YES;
				CLANG_WARN_OBJC_IMPLICIT_RETAIN_SELF = YES;
				CLANG_WARN_OBJC_LITERAL_CONVERSION = YES;
				CLANG_WARN_OBJC_ROOT_CLASS = YES_ERROR;
				CLANG_WARN_QUOTED_INCLUDE_IN_FRAMEWORK_HEADER = YES;
				CLANG_WARN_RANGE_LOOP_ANALYSIS = YES;
				CLANG_WARN_STRICT_PROTOTYPES = YES;
				CLANG_WARN_SUSPICIOUS_MOVE = YES;
				CLANG_WARN_UNGUARDED_AVAILABILITY = YES_AGGRESSIVE;
				CLANG_WARN_UNREACHABLE_CODE = YES;
				CLANG_WARN__DUPLICATE_METHOD_MATCH = YES;
				COPY_PHASE_STRIP = NO;
				DEBUG_INFORMATION_FORMAT = dwarf;
				ENABLE_STRICT_OBJC_MSGSEND = YES;
				ENABLE_TESTABILITY = YES;
				GCC_C_LANGUAGE_STANDARD = gnu11;
				GCC_DYNAMIC_NO_PIC = NO;
				GCC_NO_COMMON_BLOCKS = YES;
				GCC_OPTIMIZATION_LEVEL = 0;
				GCC_PREPROCESSOR_DEFINITIONS = (
					"DEBUG=1",
					"$(inherited)",
				);
				GCC_WARN_64_TO_32_BIT_CONVERSION = YES;
				GCC_WARN_ABOUT_RETURN_TYPE = YES_ERROR;
				GCC_WARN_UNDECLARED_SELECTOR = YES;
				GCC_WARN_UNINITIALIZED_AUTOS = YES_AGGRESSIVE;
				GCC_WARN_UNUSED_FUNCTION = YES;
				GCC_WARN_UNUSED_VARIABLE = YES;
				IPHONEOS_DEPLOYMENT_TARGET = 16.4;
				MTL_ENABLE_DEBUG_INFO = INCLUDE_SOURCE;
				MTL_FAST_MATH = YES;
				ONLY_ACTIVE_ARCH = YES;
				SDKROOT = iphoneos;
				SWIFT_ACTIVE_COMPILATION_CONDITIONS = DEBUG;
				SWIFT_OPTIMIZATION_LEVEL = "-Onone";
			};
			name = Debug;
		};
		8FC0BBBC29F4236500E50FCB /* Release */ = {
			isa = XCBuildConfiguration;
			buildSettings = {
				ALWAYS_SEARCH_USER_PATHS = NO;
				CLANG_ANALYZER_NONNULL = YES;
				CLANG_ANALYZER_NUMBER_OBJECT_CONVERSION = YES_AGGRESSIVE;
				CLANG_CXX_LANGUAGE_STANDARD = "gnu++20";
				CLANG_ENABLE_MODULES = YES;
				CLANG_ENABLE_OBJC_ARC = YES;
				CLANG_ENABLE_OBJC_WEAK = YES;
				CLANG_WARN_BLOCK_CAPTURE_AUTORELEASING = YES;
				CLANG_WARN_BOOL_CONVERSION = YES;
				CLANG_WARN_COMMA = YES;
				CLANG_WARN_CONSTANT_CONVERSION = YES;
				CLANG_WARN_DEPRECATED_OBJC_IMPLEMENTATIONS = YES;
				CLANG_WARN_DIRECT_OBJC_ISA_USAGE = YES_ERROR;
				CLANG_WARN_DOCUMENTATION_COMMENTS = YES;
				CLANG_WARN_EMPTY_BODY = YES;
				CLANG_WARN_ENUM_CONVERSION = YES;
				CLANG_WARN_INFINITE_RECURSION = YES;
				CLANG_WARN_INT_CONVERSION = YES;
				CLANG_WARN_NON_LITERAL_NULL_CONVERSION = YES;
				CLANG_WARN_OBJC_IMPLICIT_RETAIN_SELF = YES;
				CLANG_WARN_OBJC_LITERAL_CONVERSION = YES;
				CLANG_WARN_OBJC_ROOT_CLASS = YES_ERROR;
				CLANG_WARN_QUOTED_INCLUDE_IN_FRAMEWORK_HEADER = YES;
				CLANG_WARN_RANGE_LOOP_ANALYSIS = YES;
				CLANG_WARN_STRICT_PROTOTYPES = YES;
				CLANG_WARN_SUSPICIOUS_MOVE = YES;
				CLANG_WARN_UNGUARDED_AVAILABILITY = YES_AGGRESSIVE;
				CLANG_WARN_UNREACHABLE_CODE = YES;
				CLANG_WARN__DUPLICATE_METHOD_MATCH = YES;
				COPY_PHASE_STRIP = NO;
				DEBUG_INFORMATION_FORMAT = "dwarf-with-dsym";
				ENABLE_NS_ASSERTIONS = NO;
				ENABLE_STRICT_OBJC_MSGSEND = YES;
				GCC_C_LANGUAGE_STANDARD = gnu11;
				GCC_NO_COMMON_BLOCKS = YES;
				GCC_WARN_64_TO_32_BIT_CONVERSION = YES;
				GCC_WARN_ABOUT_RETURN_TYPE = YES_ERROR;
				GCC_WARN_UNDECLARED_SELECTOR = YES;
				GCC_WARN_UNINITIALIZED_AUTOS = YES_AGGRESSIVE;
				GCC_WARN_UNUSED_FUNCTION = YES;
				GCC_WARN_UNUSED_VARIABLE = YES;
				IPHONEOS_DEPLOYMENT_TARGET = 16.4;
				MTL_ENABLE_DEBUG_INFO = NO;
				MTL_FAST_MATH = YES;
				SDKROOT = iphoneos;
				SWIFT_COMPILATION_MODE = wholemodule;
				SWIFT_OPTIMIZATION_LEVEL = "-O";
				VALIDATE_PRODUCT = YES;
			};
			name = Release;
		};
		8FC0BBBE29F4236500E50FCB /* Debug */ = {
			isa = XCBuildConfiguration;
			buildSettings = {
				ASSETCATALOG_COMPILER_APPICON_NAME = AppIcon;
				ASSETCATALOG_COMPILER_GLOBAL_ACCENT_COLOR_NAME = AccentColor;
				CODE_SIGN_STYLE = Automatic;
				CURRENT_PROJECT_VERSION = 1;
				DEVELOPMENT_TEAM = A8SBTM244Q;
				GENERATE_INFOPLIST_FILE = YES;
				INFOPLIST_FILE = tapp/Info.plist;
				INFOPLIST_KEY_UIApplicationSupportsIndirectInputEvents = YES;
				INFOPLIST_KEY_UILaunchStoryboardName = LaunchScreen;
				INFOPLIST_KEY_UISupportedInterfaceOrientations_iPad = "UIInterfaceOrientationPortrait UIInterfaceOrientationPortraitUpsideDown UIInterfaceOrientationLandscapeLeft UIInterfaceOrientationLandscapeRight";
				INFOPLIST_KEY_UISupportedInterfaceOrientations_iPhone = "UIInterfaceOrientationPortrait UIInterfaceOrientationLandscapeLeft UIInterfaceOrientationLandscapeRight";
				LD_RUNPATH_SEARCH_PATHS = (
					"$(inherited)",
					"@executable_path/Frameworks",
				);
				MARKETING_VERSION = 1.0;
				PRODUCT_BUNDLE_IDENTIFIER = "Noi-Berg.tapp";
				PRODUCT_NAME = "$(TARGET_NAME)";
				SWIFT_EMIT_LOC_STRINGS = YES;
				SWIFT_VERSION = 5.0;
				TARGETED_DEVICE_FAMILY = "1,2";
			};
			name = Debug;
		};
		8FC0BBBF29F4236500E50FCB /* Release */ = {
			isa = XCBuildConfiguration;
			buildSettings = {
				ASSETCATALOG_COMPILER_APPICON_NAME = AppIcon;
				ASSETCATALOG_COMPILER_GLOBAL_ACCENT_COLOR_NAME = AccentColor;
				CODE_SIGN_STYLE = Automatic;
				CURRENT_PROJECT_VERSION = 1;
				DEVELOPMENT_TEAM = A8SBTM244Q;
				GENERATE_INFOPLIST_FILE = YES;
				INFOPLIST_FILE = tapp/Info.plist;
				INFOPLIST_KEY_UIApplicationSupportsIndirectInputEvents = YES;
				INFOPLIST_KEY_UILaunchStoryboardName = LaunchScreen;
				INFOPLIST_KEY_UISupportedInterfaceOrientations_iPad = "UIInterfaceOrientationPortrait UIInterfaceOrientationPortraitUpsideDown UIInterfaceOrientationLandscapeLeft UIInterfaceOrientationLandscapeRight";
				INFOPLIST_KEY_UISupportedInterfaceOrientations_iPhone = "UIInterfaceOrientationPortrait UIInterfaceOrientationLandscapeLeft UIInterfaceOrientationLandscapeRight";
				LD_RUNPATH_SEARCH_PATHS = (
					"$(inherited)",
					"@executable_path/Frameworks",
				);
				MARKETING_VERSION = 1.0;
				PRODUCT_BUNDLE_IDENTIFIER = "Noi-Berg.tapp";
				PRODUCT_NAME = "$(TARGET_NAME)";
				SWIFT_EMIT_LOC_STRINGS = YES;
				SWIFT_VERSION = 5.0;
				TARGETED_DEVICE_FAMILY = "1,2";
			};
			name = Release;
		};
/* End XCBuildConfiguration section */

/* Begin XCConfigurationList section */
		8FC0BBA429F4236100E50FCB /* Build configuration list for PBXProject "tapp" */ = {
			isa = XCConfigurationList;
			buildConfigurations = (
				8FC0BBBB29F4236500E50FCB /* Debug */,
				8FC0BBBC29F4236500E50FCB /* Release */,
			);
			defaultConfigurationIsVisible = 0;
			defaultConfigurationName = Release;
		};
		8FC0BBBD29F4236500E50FCB /* Build configuration list for PBXNativeTarget "tapp" */ = {
			isa = XCConfigurationList;
			buildConfigurations = (
				8FC0BBBE29F4236500E50FCB /* Debug */,
				8FC0BBBF29F4236500E50FCB /* Release */,
			);
			defaultConfigurationIsVisible = 0;
			defaultConfigurationName = Release;
		};
/* End XCConfigurationList section */

/* Begin XCVersionGroup section */
		8FC29A8B29F92A580060596A /* CoreDataModel.xcdatamodeld */ = {
			isa = XCVersionGroup;
			children = (
				8FC29A8C29F92A580060596A /* CoreDataModel.xcdatamodel */,
			);
			currentVersion = 8FC29A8C29F92A580060596A /* CoreDataModel.xcdatamodel */;
			path = CoreDataModel.xcdatamodeld;
			sourceTree = "<group>";
			versionGroupType = wrapper.xcdatamodel;
		};
/* End XCVersionGroup section */
	};
	rootObject = 8FC0BBA129F4236100E50FCB /* Project object */;
}
